
Microsoft Visual Studio Solution File, Format Version 12.00
# Visual Studio 14
VisualStudioVersion = 14.0.25420.1
MinimumVisualStudioVersion = 10.0.40219.1
Project("{FAE04EC0-301F-11D3-BF4B-00C04F79EFBC}") = "Sandbox", "Sandbox\Sandbox.csproj", "{EE3830A6-99E1-4BF7-82AF-809AA4E1852C}"
EndProject
Project("{FAE04EC0-301F-11D3-BF4B-00C04F79EFBC}") = "TestSandbox", "TestSandbox\TestSandbox.csproj", "{86B4CF22-24DE-42D9-A824-BEC6A2E5F08F}"
EndProject
Project("{FAE04EC0-301F-11D3-BF4B-00C04F79EFBC}") = "IntefaceSegregationPrincple", "IntefaceSegregationPrincple\IntefaceSegregationPrincple.csproj", "{CBCBCC20-EB27-4393-AF80-356ECFAD8289}"
EndProject
Project("{2150E333-8FDC-42A3-9474-1A3956D46DE8}") = "DependencyInjectionOnRamp", "DependencyInjectionOnRamp", "{8CF8B671-ED15-4ED0-BB42-2A3C7AB9F3CA}"
EndProject
Project("{2150E333-8FDC-42A3-9474-1A3956D46DE8}") = "ApplicationView", "ApplicationView", "{72CC2D9B-841D-4F57-9D2C-1F4A6B667468}"
EndProject
Project("{2150E333-8FDC-42A3-9474-1A3956D46DE8}") = "Presentation", "Presentation", "{8A8289D0-859B-4062-A008-D550F3E9A4A3}"
EndProject
Project("{2150E333-8FDC-42A3-9474-1A3956D46DE8}") = "Repositories", "Repositories", "{FE41542C-D9F2-4BB6-9902-949514CE53C1}"
EndProject
Project("{2150E333-8FDC-42A3-9474-1A3956D46DE8}") = "Services", "Services", "{7B332834-DFD3-48D4-B382-363D68BD332A}"
EndProject
Project("{2150E333-8FDC-42A3-9474-1A3956D46DE8}") = "Shared", "Shared", "{28D85751-C5EA-4FBB-B134-A0C52120EF39}"
EndProject
Project("{FAE04EC0-301F-11D3-BF4B-00C04F79EFBC}") = "People.Service", "People.Service\People.Service.csproj", "{D8B80531-05D2-4AA6-A30C-B97C27694B3E}"
EndProject
Project("{FAE04EC0-301F-11D3-BF4B-00C04F79EFBC}") = "PeopleViewer.SharedObjects", "PeopleViewer.SharedObjects\PeopleViewer.SharedObjects.csproj", "{4E9917DB-270F-4AD0-8372-1E99BAD9633B}"
EndProject
Project("{FAE04EC0-301F-11D3-BF4B-00C04F79EFBC}") = "PersonRepository.Service", "PersonRepository.Service\PersonRepository.Service.csproj", "{3FF145D3-8D18-460C-9F56-6DCB72D7EBBF}"
	ProjectSection(ProjectDependencies) = postProject
		{D8B80531-05D2-4AA6-A30C-B97C27694B3E} = {D8B80531-05D2-4AA6-A30C-B97C27694B3E}
	EndProjectSection
EndProject
Project("{FAE04EC0-301F-11D3-BF4B-00C04F79EFBC}") = "PeopleViewer.Presentation", "PeopleViewer.Presentation\PeopleViewer.Presentation.csproj", "{13925DA9-A1C1-4A83-80D9-5C7606F8CA24}"
EndProject
Project("{FAE04EC0-301F-11D3-BF4B-00C04F79EFBC}") = "PeopleViewer", "PeopleViewer\PeopleViewer.csproj", "{3A618A33-EA90-4A16-9C38-F5CD747A4DE1}"
EndProject
Project("{FAE04EC0-301F-11D3-BF4B-00C04F79EFBC}") = "PersonRepository.Interface", "PersonRepository.Interface\PersonRepository.Interface.csproj", "{87AFB5E8-4F0F-4B00-BD93-2C95CDBB8D12}"
EndProject
Project("{2150E333-8FDC-42A3-9474-1A3956D46DE8}") = "Application", "Application", "{BA6CF658-8892-4A90-9360-43F7CB07DCE6}"
EndProject
Project("{FAE04EC0-301F-11D3-BF4B-00C04F79EFBC}") = "PeopleViewer.View", "PeopleViewer.View\PeopleViewer.View.csproj", "{8FC86AF9-316E-44E8-89E9-0755192A5E93}"
EndProject
Project("{FAE04EC0-301F-11D3-BF4B-00C04F79EFBC}") = "PersonRepository.CSV", "PersonRepository.CSV\PersonRepository.CSV.csproj", "{FFD44C2C-2607-4784-9963-DD9FC4C09617}"
EndProject
Project("{2150E333-8FDC-42A3-9474-1A3956D46DE8}") = "AsynchProgramming", "AsynchProgramming", "{8741BA36-37E6-4949-A228-53516F2492DC}"
EndProject
Project("{2150E333-8FDC-42A3-9474-1A3956D46DE8}") = "DIWithUnity", "DIWithUnity", "{31CA36CF-0300-4286-AC3C-A2BEC2C10774}"
EndProject
Project("{FAE04EC0-301F-11D3-BF4B-00C04F79EFBC}") = "Sample.Type1", "Sample.Type1\Sample.Type1.csproj", "{F5987014-4AC4-43EA-BBDA-825C0B51CEB2}"
EndProject
Project("{FAE04EC0-301F-11D3-BF4B-00C04F79EFBC}") = "Sample.Type2", "Sample.Type2\Sample.Type2.csproj", "{E96A7C4F-AF28-432A-8180-96812637050E}"
EndProject
Project("{FAE04EC0-301F-11D3-BF4B-00C04F79EFBC}") = "Sample.Type3", "Sample.Type3\Sample.Type3.csproj", "{84E4B000-387A-4C9B-8184-B5E62317B13C}"
EndProject
Project("{FAE04EC0-301F-11D3-BF4B-00C04F79EFBC}") = "GenricType.Interface", "GenricType.Interface\GenricType.Interface.csproj", "{6ABB2AE0-4AE5-441D-BD07-F28A4835E1A4}"
EndProject
Project("{FAE04EC0-301F-11D3-BF4B-00C04F79EFBC}") = "BotteStrapper", "BotteStrapper\BotteStrapper.csproj", "{A7EDF0C0-4A47-4A06-895C-789DA92578E8}"
EndProject
Project("{2150E333-8FDC-42A3-9474-1A3956D46DE8}") = "Delegates", "Delegates", "{68343DC9-C902-4652-A641-326CC1F5DE9E}"
EndProject
Project("{FAE04EC0-301F-11D3-BF4B-00C04F79EFBC}") = "DelegateClass", "DelegateClass\DelegateClass.csproj", "{D394CA53-C593-42DF-81B4-FE7A830D2D2A}"
EndProject
Project("{FAE04EC0-301F-11D3-BF4B-00C04F79EFBC}") = "DelegateSubscriber", "DelegateSubscriber\DelegateSubscriber.csproj", "{5927C224-5E0F-42DC-BC0C-1C90C41AEFE7}"
EndProject
Project("{2150E333-8FDC-42A3-9474-1A3956D46DE8}") = "ConsoleApp", "ConsoleApp", "{2394A366-F9BD-40F8-B202-347D36B03251}"
EndProject
Project("{FAE04EC0-301F-11D3-BF4B-00C04F79EFBC}") = "ClassLibrary1", "ClassLibrary1\ClassLibrary1.csproj", "{9800A47A-AA12-4AD7-AE0E-6DB4833BFD79}"
EndProject
Project("{FAE04EC0-301F-11D3-BF4B-00C04F79EFBC}") = "ClassLibrary2", "ClassLibrary2\ClassLibrary2.csproj", "{DA8412EB-DB2D-4E60-99DD-6FF006DE84AA}"
EndProject
Project("{FAE04EC0-301F-11D3-BF4B-00C04F79EFBC}") = "ClassLibrary3", "ClassLibrary3\ClassLibrary3.csproj", "{D8C77163-B105-4461-B12A-A6168CF79891}"
EndProject
Project("{FAE04EC0-301F-11D3-BF4B-00C04F79EFBC}") = "ClassLibrary4", "ClassLibrary4\ClassLibrary4.csproj", "{67B8DAFD-0879-4F24-AD9E-1E59D4F410BF}"
EndProject
Project("{FAE04EC0-301F-11D3-BF4B-00C04F79EFBC}") = "ConsoleApplication1", "ConsoleApplication1\ConsoleApplication1.csproj", "{DEF25B4C-75EA-44B4-B59F-90EA74206D1E}"
EndProject
Project("{2150E333-8FDC-42A3-9474-1A3956D46DE8}") = "WCF", "WCF", "{8823988F-9FD2-4B8B-9BC7-6650B5AD4A82}"
EndProject
Project("{FAE04EC0-301F-11D3-BF4B-00C04F79EFBC}") = "GeoLib.ConsoleHost", "GeoLib.ConsoleHost\GeoLib.ConsoleHost.csproj", "{2A11E7EF-F68C-4F9F-BCCC-4B7AB77B0A5E}"
EndProject
Project("{FAE04EC0-301F-11D3-BF4B-00C04F79EFBC}") = "GeoLib.Contract", "GeoLib.Contract\GeoLib.Contract.csproj", "{0FD6A58E-405A-4428-BAE8-D641A585AC93}"
EndProject
Project("{FAE04EC0-301F-11D3-BF4B-00C04F79EFBC}") = "GeoLib.Core", "GeoLib.Core\GeoLib.Core.csproj", "{461922D9-747F-4BB0-AC2E-4737139EEDB6}"
EndProject
Project("{FAE04EC0-301F-11D3-BF4B-00C04F79EFBC}") = "GeoLib.Data", "GeoLib.Data\GeoLib.Data.csproj", "{DB2CA02F-5D34-4734-8A44-634BFD381244}"
EndProject
Project("{FAE04EC0-301F-11D3-BF4B-00C04F79EFBC}") = "GeoLib.Services", "GeoLib.Services\GeoLib.Services.csproj", "{05121EB4-50C0-4570-AB91-4A243568FDAE}"
EndProject
Project("{FAE04EC0-301F-11D3-BF4B-00C04F79EFBC}") = "Geolib.Tests", "Geolib.Tests\Geolib.Tests.csproj", "{1B0B56C8-37C4-4386-A7B0-3076CE6C9901}"
EndProject
Project("{FAE04EC0-301F-11D3-BF4B-00C04F79EFBC}") = "GeoLib.WebHost", "GeoLib.WebHost\GeoLib.WebHost.csproj", "{AC72D0A4-29A5-46FC-A037-63AC987C1598}"
EndProject
Project("{FAE04EC0-301F-11D3-BF4B-00C04F79EFBC}") = "PersonRepository.SQL", "PersonRepository.SQL\PersonRepository.SQL.csproj", "{003702D8-E922-4539-80D4-15AAB22FF29D}"
EndProject
Project("{FAE04EC0-301F-11D3-BF4B-00C04F79EFBC}") = "PersonRepository.CachingDecorator", "PersonRepository.CachingDecorator\PersonRepository.CachingDecorator.csproj", "{898C1EA9-324B-48CE-917B-053C842EA0A0}"
EndProject
Global
	GlobalSection(SolutionConfigurationPlatforms) = preSolution
		Debug|Any CPU = Debug|Any CPU
		Debug|x86 = Debug|x86
		Release|Any CPU = Release|Any CPU
		Release|x86 = Release|x86
	EndGlobalSection
	GlobalSection(ProjectConfigurationPlatforms) = postSolution
		{EE3830A6-99E1-4BF7-82AF-809AA4E1852C}.Debug|Any CPU.ActiveCfg = Debug|Any CPU
		{EE3830A6-99E1-4BF7-82AF-809AA4E1852C}.Debug|Any CPU.Build.0 = Debug|Any CPU
		{EE3830A6-99E1-4BF7-82AF-809AA4E1852C}.Debug|x86.ActiveCfg = Debug|Any CPU
		{EE3830A6-99E1-4BF7-82AF-809AA4E1852C}.Debug|x86.Build.0 = Debug|Any CPU
		{EE3830A6-99E1-4BF7-82AF-809AA4E1852C}.Release|Any CPU.ActiveCfg = Release|Any CPU
		{EE3830A6-99E1-4BF7-82AF-809AA4E1852C}.Release|Any CPU.Build.0 = Release|Any CPU
		{EE3830A6-99E1-4BF7-82AF-809AA4E1852C}.Release|x86.ActiveCfg = Release|Any CPU
		{EE3830A6-99E1-4BF7-82AF-809AA4E1852C}.Release|x86.Build.0 = Release|Any CPU
		{86B4CF22-24DE-42D9-A824-BEC6A2E5F08F}.Debug|Any CPU.ActiveCfg = Debug|Any CPU
		{86B4CF22-24DE-42D9-A824-BEC6A2E5F08F}.Debug|Any CPU.Build.0 = Debug|Any CPU
		{86B4CF22-24DE-42D9-A824-BEC6A2E5F08F}.Debug|x86.ActiveCfg = Debug|Any CPU
		{86B4CF22-24DE-42D9-A824-BEC6A2E5F08F}.Debug|x86.Build.0 = Debug|Any CPU
		{86B4CF22-24DE-42D9-A824-BEC6A2E5F08F}.Release|Any CPU.ActiveCfg = Release|Any CPU
		{86B4CF22-24DE-42D9-A824-BEC6A2E5F08F}.Release|Any CPU.Build.0 = Release|Any CPU
		{86B4CF22-24DE-42D9-A824-BEC6A2E5F08F}.Release|x86.ActiveCfg = Release|Any CPU
		{86B4CF22-24DE-42D9-A824-BEC6A2E5F08F}.Release|x86.Build.0 = Release|Any CPU
		{CBCBCC20-EB27-4393-AF80-356ECFAD8289}.Debug|Any CPU.ActiveCfg = Debug|Any CPU
		{CBCBCC20-EB27-4393-AF80-356ECFAD8289}.Debug|Any CPU.Build.0 = Debug|Any CPU
		{CBCBCC20-EB27-4393-AF80-356ECFAD8289}.Debug|x86.ActiveCfg = Debug|Any CPU
		{CBCBCC20-EB27-4393-AF80-356ECFAD8289}.Debug|x86.Build.0 = Debug|Any CPU
		{CBCBCC20-EB27-4393-AF80-356ECFAD8289}.Release|Any CPU.ActiveCfg = Release|Any CPU
		{CBCBCC20-EB27-4393-AF80-356ECFAD8289}.Release|Any CPU.Build.0 = Release|Any CPU
		{CBCBCC20-EB27-4393-AF80-356ECFAD8289}.Release|x86.ActiveCfg = Release|Any CPU
		{CBCBCC20-EB27-4393-AF80-356ECFAD8289}.Release|x86.Build.0 = Release|Any CPU
		{D8B80531-05D2-4AA6-A30C-B97C27694B3E}.Debug|Any CPU.ActiveCfg = Debug|Any CPU
		{D8B80531-05D2-4AA6-A30C-B97C27694B3E}.Debug|Any CPU.Build.0 = Debug|Any CPU
		{D8B80531-05D2-4AA6-A30C-B97C27694B3E}.Debug|x86.ActiveCfg = Debug|Any CPU
		{D8B80531-05D2-4AA6-A30C-B97C27694B3E}.Debug|x86.Build.0 = Debug|Any CPU
		{D8B80531-05D2-4AA6-A30C-B97C27694B3E}.Release|Any CPU.ActiveCfg = Release|Any CPU
		{D8B80531-05D2-4AA6-A30C-B97C27694B3E}.Release|Any CPU.Build.0 = Release|Any CPU
		{D8B80531-05D2-4AA6-A30C-B97C27694B3E}.Release|x86.ActiveCfg = Release|Any CPU
		{D8B80531-05D2-4AA6-A30C-B97C27694B3E}.Release|x86.Build.0 = Release|Any CPU
		{4E9917DB-270F-4AD0-8372-1E99BAD9633B}.Debug|Any CPU.ActiveCfg = Debug|Any CPU
		{4E9917DB-270F-4AD0-8372-1E99BAD9633B}.Debug|Any CPU.Build.0 = Debug|Any CPU
		{4E9917DB-270F-4AD0-8372-1E99BAD9633B}.Debug|x86.ActiveCfg = Debug|Any CPU
		{4E9917DB-270F-4AD0-8372-1E99BAD9633B}.Debug|x86.Build.0 = Debug|Any CPU
		{4E9917DB-270F-4AD0-8372-1E99BAD9633B}.Release|Any CPU.ActiveCfg = Release|Any CPU
		{4E9917DB-270F-4AD0-8372-1E99BAD9633B}.Release|Any CPU.Build.0 = Release|Any CPU
		{4E9917DB-270F-4AD0-8372-1E99BAD9633B}.Release|x86.ActiveCfg = Release|Any CPU
		{4E9917DB-270F-4AD0-8372-1E99BAD9633B}.Release|x86.Build.0 = Release|Any CPU
		{3FF145D3-8D18-460C-9F56-6DCB72D7EBBF}.Debug|Any CPU.ActiveCfg = Debug|Any CPU
		{3FF145D3-8D18-460C-9F56-6DCB72D7EBBF}.Debug|Any CPU.Build.0 = Debug|Any CPU
		{3FF145D3-8D18-460C-9F56-6DCB72D7EBBF}.Debug|x86.ActiveCfg = Debug|Any CPU
		{3FF145D3-8D18-460C-9F56-6DCB72D7EBBF}.Debug|x86.Build.0 = Debug|Any CPU
		{3FF145D3-8D18-460C-9F56-6DCB72D7EBBF}.Release|Any CPU.ActiveCfg = Release|Any CPU
		{3FF145D3-8D18-460C-9F56-6DCB72D7EBBF}.Release|Any CPU.Build.0 = Release|Any CPU
		{3FF145D3-8D18-460C-9F56-6DCB72D7EBBF}.Release|x86.ActiveCfg = Release|Any CPU
		{3FF145D3-8D18-460C-9F56-6DCB72D7EBBF}.Release|x86.Build.0 = Release|Any CPU
		{13925DA9-A1C1-4A83-80D9-5C7606F8CA24}.Debug|Any CPU.ActiveCfg = Debug|Any CPU
		{13925DA9-A1C1-4A83-80D9-5C7606F8CA24}.Debug|Any CPU.Build.0 = Debug|Any CPU
		{13925DA9-A1C1-4A83-80D9-5C7606F8CA24}.Debug|x86.ActiveCfg = Debug|Any CPU
		{13925DA9-A1C1-4A83-80D9-5C7606F8CA24}.Debug|x86.Build.0 = Debug|Any CPU
		{13925DA9-A1C1-4A83-80D9-5C7606F8CA24}.Release|Any CPU.ActiveCfg = Release|Any CPU
		{13925DA9-A1C1-4A83-80D9-5C7606F8CA24}.Release|Any CPU.Build.0 = Release|Any CPU
		{13925DA9-A1C1-4A83-80D9-5C7606F8CA24}.Release|x86.ActiveCfg = Release|Any CPU
		{13925DA9-A1C1-4A83-80D9-5C7606F8CA24}.Release|x86.Build.0 = Release|Any CPU
		{3A618A33-EA90-4A16-9C38-F5CD747A4DE1}.Debug|Any CPU.ActiveCfg = Debug|Any CPU
		{3A618A33-EA90-4A16-9C38-F5CD747A4DE1}.Debug|Any CPU.Build.0 = Debug|Any CPU
		{3A618A33-EA90-4A16-9C38-F5CD747A4DE1}.Debug|x86.ActiveCfg = Debug|Any CPU
		{3A618A33-EA90-4A16-9C38-F5CD747A4DE1}.Debug|x86.Build.0 = Debug|Any CPU
		{3A618A33-EA90-4A16-9C38-F5CD747A4DE1}.Release|Any CPU.ActiveCfg = Release|Any CPU
		{3A618A33-EA90-4A16-9C38-F5CD747A4DE1}.Release|Any CPU.Build.0 = Release|Any CPU
		{3A618A33-EA90-4A16-9C38-F5CD747A4DE1}.Release|x86.ActiveCfg = Release|Any CPU
		{3A618A33-EA90-4A16-9C38-F5CD747A4DE1}.Release|x86.Build.0 = Release|Any CPU
		{87AFB5E8-4F0F-4B00-BD93-2C95CDBB8D12}.Debug|Any CPU.ActiveCfg = Debug|Any CPU
		{87AFB5E8-4F0F-4B00-BD93-2C95CDBB8D12}.Debug|Any CPU.Build.0 = Debug|Any CPU
		{87AFB5E8-4F0F-4B00-BD93-2C95CDBB8D12}.Debug|x86.ActiveCfg = Debug|Any CPU
		{87AFB5E8-4F0F-4B00-BD93-2C95CDBB8D12}.Debug|x86.Build.0 = Debug|Any CPU
		{87AFB5E8-4F0F-4B00-BD93-2C95CDBB8D12}.Release|Any CPU.ActiveCfg = Release|Any CPU
		{87AFB5E8-4F0F-4B00-BD93-2C95CDBB8D12}.Release|Any CPU.Build.0 = Release|Any CPU
		{87AFB5E8-4F0F-4B00-BD93-2C95CDBB8D12}.Release|x86.ActiveCfg = Release|Any CPU
		{87AFB5E8-4F0F-4B00-BD93-2C95CDBB8D12}.Release|x86.Build.0 = Release|Any CPU
		{8FC86AF9-316E-44E8-89E9-0755192A5E93}.Debug|Any CPU.ActiveCfg = Debug|Any CPU
		{8FC86AF9-316E-44E8-89E9-0755192A5E93}.Debug|Any CPU.Build.0 = Debug|Any CPU
		{8FC86AF9-316E-44E8-89E9-0755192A5E93}.Debug|x86.ActiveCfg = Debug|Any CPU
		{8FC86AF9-316E-44E8-89E9-0755192A5E93}.Debug|x86.Build.0 = Debug|Any CPU
		{8FC86AF9-316E-44E8-89E9-0755192A5E93}.Release|Any CPU.ActiveCfg = Release|Any CPU
		{8FC86AF9-316E-44E8-89E9-0755192A5E93}.Release|Any CPU.Build.0 = Release|Any CPU
		{8FC86AF9-316E-44E8-89E9-0755192A5E93}.Release|x86.ActiveCfg = Release|Any CPU
		{8FC86AF9-316E-44E8-89E9-0755192A5E93}.Release|x86.Build.0 = Release|Any CPU
		{FFD44C2C-2607-4784-9963-DD9FC4C09617}.Debug|Any CPU.ActiveCfg = Debug|Any CPU
		{FFD44C2C-2607-4784-9963-DD9FC4C09617}.Debug|Any CPU.Build.0 = Debug|Any CPU
		{FFD44C2C-2607-4784-9963-DD9FC4C09617}.Debug|x86.ActiveCfg = Debug|Any CPU
		{FFD44C2C-2607-4784-9963-DD9FC4C09617}.Debug|x86.Build.0 = Debug|Any CPU
		{FFD44C2C-2607-4784-9963-DD9FC4C09617}.Release|Any CPU.ActiveCfg = Release|Any CPU
		{FFD44C2C-2607-4784-9963-DD9FC4C09617}.Release|Any CPU.Build.0 = Release|Any CPU
		{FFD44C2C-2607-4784-9963-DD9FC4C09617}.Release|x86.ActiveCfg = Release|Any CPU
		{FFD44C2C-2607-4784-9963-DD9FC4C09617}.Release|x86.Build.0 = Release|Any CPU
		{F5987014-4AC4-43EA-BBDA-825C0B51CEB2}.Debug|Any CPU.ActiveCfg = Debug|Any CPU
		{F5987014-4AC4-43EA-BBDA-825C0B51CEB2}.Debug|Any CPU.Build.0 = Debug|Any CPU
		{F5987014-4AC4-43EA-BBDA-825C0B51CEB2}.Debug|x86.ActiveCfg = Debug|Any CPU
		{F5987014-4AC4-43EA-BBDA-825C0B51CEB2}.Debug|x86.Build.0 = Debug|Any CPU
		{F5987014-4AC4-43EA-BBDA-825C0B51CEB2}.Release|Any CPU.ActiveCfg = Release|Any CPU
		{F5987014-4AC4-43EA-BBDA-825C0B51CEB2}.Release|Any CPU.Build.0 = Release|Any CPU
		{F5987014-4AC4-43EA-BBDA-825C0B51CEB2}.Release|x86.ActiveCfg = Release|Any CPU
		{F5987014-4AC4-43EA-BBDA-825C0B51CEB2}.Release|x86.Build.0 = Release|Any CPU
		{E96A7C4F-AF28-432A-8180-96812637050E}.Debug|Any CPU.ActiveCfg = Debug|Any CPU
		{E96A7C4F-AF28-432A-8180-96812637050E}.Debug|Any CPU.Build.0 = Debug|Any CPU
		{E96A7C4F-AF28-432A-8180-96812637050E}.Debug|x86.ActiveCfg = Debug|Any CPU
		{E96A7C4F-AF28-432A-8180-96812637050E}.Debug|x86.Build.0 = Debug|Any CPU
		{E96A7C4F-AF28-432A-8180-96812637050E}.Release|Any CPU.ActiveCfg = Release|Any CPU
		{E96A7C4F-AF28-432A-8180-96812637050E}.Release|Any CPU.Build.0 = Release|Any CPU
		{E96A7C4F-AF28-432A-8180-96812637050E}.Release|x86.ActiveCfg = Release|Any CPU
		{E96A7C4F-AF28-432A-8180-96812637050E}.Release|x86.Build.0 = Release|Any CPU
		{84E4B000-387A-4C9B-8184-B5E62317B13C}.Debug|Any CPU.ActiveCfg = Debug|Any CPU
		{84E4B000-387A-4C9B-8184-B5E62317B13C}.Debug|Any CPU.Build.0 = Debug|Any CPU
		{84E4B000-387A-4C9B-8184-B5E62317B13C}.Debug|x86.ActiveCfg = Debug|Any CPU
		{84E4B000-387A-4C9B-8184-B5E62317B13C}.Debug|x86.Build.0 = Debug|Any CPU
		{84E4B000-387A-4C9B-8184-B5E62317B13C}.Release|Any CPU.ActiveCfg = Release|Any CPU
		{84E4B000-387A-4C9B-8184-B5E62317B13C}.Release|Any CPU.Build.0 = Release|Any CPU
		{84E4B000-387A-4C9B-8184-B5E62317B13C}.Release|x86.ActiveCfg = Release|Any CPU
		{84E4B000-387A-4C9B-8184-B5E62317B13C}.Release|x86.Build.0 = Release|Any CPU
		{6ABB2AE0-4AE5-441D-BD07-F28A4835E1A4}.Debug|Any CPU.ActiveCfg = Debug|Any CPU
		{6ABB2AE0-4AE5-441D-BD07-F28A4835E1A4}.Debug|Any CPU.Build.0 = Debug|Any CPU
		{6ABB2AE0-4AE5-441D-BD07-F28A4835E1A4}.Debug|x86.ActiveCfg = Debug|Any CPU
		{6ABB2AE0-4AE5-441D-BD07-F28A4835E1A4}.Debug|x86.Build.0 = Debug|Any CPU
		{6ABB2AE0-4AE5-441D-BD07-F28A4835E1A4}.Release|Any CPU.ActiveCfg = Release|Any CPU
		{6ABB2AE0-4AE5-441D-BD07-F28A4835E1A4}.Release|Any CPU.Build.0 = Release|Any CPU
		{6ABB2AE0-4AE5-441D-BD07-F28A4835E1A4}.Release|x86.ActiveCfg = Release|Any CPU
		{6ABB2AE0-4AE5-441D-BD07-F28A4835E1A4}.Release|x86.Build.0 = Release|Any CPU
		{A7EDF0C0-4A47-4A06-895C-789DA92578E8}.Debug|Any CPU.ActiveCfg = Debug|Any CPU
		{A7EDF0C0-4A47-4A06-895C-789DA92578E8}.Debug|Any CPU.Build.0 = Debug|Any CPU
		{A7EDF0C0-4A47-4A06-895C-789DA92578E8}.Debug|x86.ActiveCfg = Debug|Any CPU
		{A7EDF0C0-4A47-4A06-895C-789DA92578E8}.Release|Any CPU.ActiveCfg = Release|Any CPU
		{A7EDF0C0-4A47-4A06-895C-789DA92578E8}.Release|Any CPU.Build.0 = Release|Any CPU
		{A7EDF0C0-4A47-4A06-895C-789DA92578E8}.Release|x86.ActiveCfg = Release|Any CPU
		{D394CA53-C593-42DF-81B4-FE7A830D2D2A}.Debug|Any CPU.ActiveCfg = Debug|Any CPU
		{D394CA53-C593-42DF-81B4-FE7A830D2D2A}.Debug|Any CPU.Build.0 = Debug|Any CPU
		{D394CA53-C593-42DF-81B4-FE7A830D2D2A}.Debug|x86.ActiveCfg = Debug|Any CPU
		{D394CA53-C593-42DF-81B4-FE7A830D2D2A}.Debug|x86.Build.0 = Debug|Any CPU
		{D394CA53-C593-42DF-81B4-FE7A830D2D2A}.Release|Any CPU.ActiveCfg = Release|Any CPU
		{D394CA53-C593-42DF-81B4-FE7A830D2D2A}.Release|Any CPU.Build.0 = Release|Any CPU
		{D394CA53-C593-42DF-81B4-FE7A830D2D2A}.Release|x86.ActiveCfg = Release|Any CPU
		{D394CA53-C593-42DF-81B4-FE7A830D2D2A}.Release|x86.Build.0 = Release|Any CPU
		{5927C224-5E0F-42DC-BC0C-1C90C41AEFE7}.Debug|Any CPU.ActiveCfg = Debug|Any CPU
		{5927C224-5E0F-42DC-BC0C-1C90C41AEFE7}.Debug|Any CPU.Build.0 = Debug|Any CPU
		{5927C224-5E0F-42DC-BC0C-1C90C41AEFE7}.Debug|x86.ActiveCfg = Debug|Any CPU
		{5927C224-5E0F-42DC-BC0C-1C90C41AEFE7}.Debug|x86.Build.0 = Debug|Any CPU
		{5927C224-5E0F-42DC-BC0C-1C90C41AEFE7}.Release|Any CPU.ActiveCfg = Release|Any CPU
		{5927C224-5E0F-42DC-BC0C-1C90C41AEFE7}.Release|Any CPU.Build.0 = Release|Any CPU
		{5927C224-5E0F-42DC-BC0C-1C90C41AEFE7}.Release|x86.ActiveCfg = Release|Any CPU
		{5927C224-5E0F-42DC-BC0C-1C90C41AEFE7}.Release|x86.Build.0 = Release|Any CPU
		{9800A47A-AA12-4AD7-AE0E-6DB4833BFD79}.Debug|Any CPU.ActiveCfg = Debug|Any CPU
		{9800A47A-AA12-4AD7-AE0E-6DB4833BFD79}.Debug|Any CPU.Build.0 = Debug|Any CPU
		{9800A47A-AA12-4AD7-AE0E-6DB4833BFD79}.Debug|x86.ActiveCfg = Debug|Any CPU
		{9800A47A-AA12-4AD7-AE0E-6DB4833BFD79}.Debug|x86.Build.0 = Debug|Any CPU
		{9800A47A-AA12-4AD7-AE0E-6DB4833BFD79}.Release|Any CPU.ActiveCfg = Release|Any CPU
		{9800A47A-AA12-4AD7-AE0E-6DB4833BFD79}.Release|Any CPU.Build.0 = Release|Any CPU
		{9800A47A-AA12-4AD7-AE0E-6DB4833BFD79}.Release|x86.ActiveCfg = Release|Any CPU
		{9800A47A-AA12-4AD7-AE0E-6DB4833BFD79}.Release|x86.Build.0 = Release|Any CPU
		{DA8412EB-DB2D-4E60-99DD-6FF006DE84AA}.Debug|Any CPU.ActiveCfg = Debug|Any CPU
		{DA8412EB-DB2D-4E60-99DD-6FF006DE84AA}.Debug|Any CPU.Build.0 = Debug|Any CPU
		{DA8412EB-DB2D-4E60-99DD-6FF006DE84AA}.Debug|x86.ActiveCfg = Debug|Any CPU
		{DA8412EB-DB2D-4E60-99DD-6FF006DE84AA}.Debug|x86.Build.0 = Debug|Any CPU
		{DA8412EB-DB2D-4E60-99DD-6FF006DE84AA}.Release|Any CPU.ActiveCfg = Release|Any CPU
		{DA8412EB-DB2D-4E60-99DD-6FF006DE84AA}.Release|Any CPU.Build.0 = Release|Any CPU
		{DA8412EB-DB2D-4E60-99DD-6FF006DE84AA}.Release|x86.ActiveCfg = Release|Any CPU
		{DA8412EB-DB2D-4E60-99DD-6FF006DE84AA}.Release|x86.Build.0 = Release|Any CPU
		{D8C77163-B105-4461-B12A-A6168CF79891}.Debug|Any CPU.ActiveCfg = Debug|Any CPU
		{D8C77163-B105-4461-B12A-A6168CF79891}.Debug|Any CPU.Build.0 = Debug|Any CPU
		{D8C77163-B105-4461-B12A-A6168CF79891}.Debug|x86.ActiveCfg = Debug|Any CPU
		{D8C77163-B105-4461-B12A-A6168CF79891}.Debug|x86.Build.0 = Debug|Any CPU
		{D8C77163-B105-4461-B12A-A6168CF79891}.Release|Any CPU.ActiveCfg = Release|Any CPU
		{D8C77163-B105-4461-B12A-A6168CF79891}.Release|Any CPU.Build.0 = Release|Any CPU
		{D8C77163-B105-4461-B12A-A6168CF79891}.Release|x86.ActiveCfg = Release|Any CPU
		{D8C77163-B105-4461-B12A-A6168CF79891}.Release|x86.Build.0 = Release|Any CPU
		{67B8DAFD-0879-4F24-AD9E-1E59D4F410BF}.Debug|Any CPU.ActiveCfg = Debug|Any CPU
		{67B8DAFD-0879-4F24-AD9E-1E59D4F410BF}.Debug|Any CPU.Build.0 = Debug|Any CPU
		{67B8DAFD-0879-4F24-AD9E-1E59D4F410BF}.Debug|x86.ActiveCfg = Debug|Any CPU
		{67B8DAFD-0879-4F24-AD9E-1E59D4F410BF}.Debug|x86.Build.0 = Debug|Any CPU
		{67B8DAFD-0879-4F24-AD9E-1E59D4F410BF}.Release|Any CPU.ActiveCfg = Release|Any CPU
		{67B8DAFD-0879-4F24-AD9E-1E59D4F410BF}.Release|Any CPU.Build.0 = Release|Any CPU
		{67B8DAFD-0879-4F24-AD9E-1E59D4F410BF}.Release|x86.ActiveCfg = Release|Any CPU
		{67B8DAFD-0879-4F24-AD9E-1E59D4F410BF}.Release|x86.Build.0 = Release|Any CPU
		{DEF25B4C-75EA-44B4-B59F-90EA74206D1E}.Debug|Any CPU.ActiveCfg = Debug|Any CPU
		{DEF25B4C-75EA-44B4-B59F-90EA74206D1E}.Debug|Any CPU.Build.0 = Debug|Any CPU
		{DEF25B4C-75EA-44B4-B59F-90EA74206D1E}.Debug|x86.ActiveCfg = Debug|Any CPU
		{DEF25B4C-75EA-44B4-B59F-90EA74206D1E}.Debug|x86.Build.0 = Debug|Any CPU
		{DEF25B4C-75EA-44B4-B59F-90EA74206D1E}.Release|Any CPU.ActiveCfg = Release|Any CPU
		{DEF25B4C-75EA-44B4-B59F-90EA74206D1E}.Release|Any CPU.Build.0 = Release|Any CPU
		{DEF25B4C-75EA-44B4-B59F-90EA74206D1E}.Release|x86.ActiveCfg = Release|Any CPU
		{DEF25B4C-75EA-44B4-B59F-90EA74206D1E}.Release|x86.Build.0 = Release|Any CPU
		{2A11E7EF-F68C-4F9F-BCCC-4B7AB77B0A5E}.Debug|Any CPU.ActiveCfg = Debug|Any CPU
		{2A11E7EF-F68C-4F9F-BCCC-4B7AB77B0A5E}.Debug|Any CPU.Build.0 = Debug|Any CPU
		{2A11E7EF-F68C-4F9F-BCCC-4B7AB77B0A5E}.Debug|x86.ActiveCfg = Debug|Any CPU
		{2A11E7EF-F68C-4F9F-BCCC-4B7AB77B0A5E}.Debug|x86.Build.0 = Debug|Any CPU
		{2A11E7EF-F68C-4F9F-BCCC-4B7AB77B0A5E}.Release|Any CPU.ActiveCfg = Release|Any CPU
		{2A11E7EF-F68C-4F9F-BCCC-4B7AB77B0A5E}.Release|Any CPU.Build.0 = Release|Any CPU
		{2A11E7EF-F68C-4F9F-BCCC-4B7AB77B0A5E}.Release|x86.ActiveCfg = Release|Any CPU
		{2A11E7EF-F68C-4F9F-BCCC-4B7AB77B0A5E}.Release|x86.Build.0 = Release|Any CPU
		{0FD6A58E-405A-4428-BAE8-D641A585AC93}.Debug|Any CPU.ActiveCfg = Debug|Any CPU
		{0FD6A58E-405A-4428-BAE8-D641A585AC93}.Debug|Any CPU.Build.0 = Debug|Any CPU
		{0FD6A58E-405A-4428-BAE8-D641A585AC93}.Debug|x86.ActiveCfg = Debug|Any CPU
		{0FD6A58E-405A-4428-BAE8-D641A585AC93}.Debug|x86.Build.0 = Debug|Any CPU
		{0FD6A58E-405A-4428-BAE8-D641A585AC93}.Release|Any CPU.ActiveCfg = Release|Any CPU
		{0FD6A58E-405A-4428-BAE8-D641A585AC93}.Release|Any CPU.Build.0 = Release|Any CPU
		{0FD6A58E-405A-4428-BAE8-D641A585AC93}.Release|x86.ActiveCfg = Release|Any CPU
		{0FD6A58E-405A-4428-BAE8-D641A585AC93}.Release|x86.Build.0 = Release|Any CPU
		{461922D9-747F-4BB0-AC2E-4737139EEDB6}.Debug|Any CPU.ActiveCfg = Debug|Any CPU
		{461922D9-747F-4BB0-AC2E-4737139EEDB6}.Debug|Any CPU.Build.0 = Debug|Any CPU
		{461922D9-747F-4BB0-AC2E-4737139EEDB6}.Debug|x86.ActiveCfg = Debug|Any CPU
		{461922D9-747F-4BB0-AC2E-4737139EEDB6}.Debug|x86.Build.0 = Debug|Any CPU
		{461922D9-747F-4BB0-AC2E-4737139EEDB6}.Release|Any CPU.ActiveCfg = Release|Any CPU
		{461922D9-747F-4BB0-AC2E-4737139EEDB6}.Release|Any CPU.Build.0 = Release|Any CPU
		{461922D9-747F-4BB0-AC2E-4737139EEDB6}.Release|x86.ActiveCfg = Release|Any CPU
		{461922D9-747F-4BB0-AC2E-4737139EEDB6}.Release|x86.Build.0 = Release|Any CPU
		{DB2CA02F-5D34-4734-8A44-634BFD381244}.Debug|Any CPU.ActiveCfg = Debug|Any CPU
		{DB2CA02F-5D34-4734-8A44-634BFD381244}.Debug|Any CPU.Build.0 = Debug|Any CPU
		{DB2CA02F-5D34-4734-8A44-634BFD381244}.Debug|x86.ActiveCfg = Debug|Any CPU
		{DB2CA02F-5D34-4734-8A44-634BFD381244}.Debug|x86.Build.0 = Debug|Any CPU
		{DB2CA02F-5D34-4734-8A44-634BFD381244}.Release|Any CPU.ActiveCfg = Release|Any CPU
		{DB2CA02F-5D34-4734-8A44-634BFD381244}.Release|Any CPU.Build.0 = Release|Any CPU
		{DB2CA02F-5D34-4734-8A44-634BFD381244}.Release|x86.ActiveCfg = Release|Any CPU
		{DB2CA02F-5D34-4734-8A44-634BFD381244}.Release|x86.Build.0 = Release|Any CPU
		{05121EB4-50C0-4570-AB91-4A243568FDAE}.Debug|Any CPU.ActiveCfg = Debug|Any CPU
		{05121EB4-50C0-4570-AB91-4A243568FDAE}.Debug|Any CPU.Build.0 = Debug|Any CPU
		{05121EB4-50C0-4570-AB91-4A243568FDAE}.Debug|x86.ActiveCfg = Debug|Any CPU
		{05121EB4-50C0-4570-AB91-4A243568FDAE}.Debug|x86.Build.0 = Debug|Any CPU
		{05121EB4-50C0-4570-AB91-4A243568FDAE}.Release|Any CPU.ActiveCfg = Release|Any CPU
		{05121EB4-50C0-4570-AB91-4A243568FDAE}.Release|Any CPU.Build.0 = Release|Any CPU
		{05121EB4-50C0-4570-AB91-4A243568FDAE}.Release|x86.ActiveCfg = Release|Any CPU
		{05121EB4-50C0-4570-AB91-4A243568FDAE}.Release|x86.Build.0 = Release|Any CPU
		{1B0B56C8-37C4-4386-A7B0-3076CE6C9901}.Debug|Any CPU.ActiveCfg = Debug|Any CPU
		{1B0B56C8-37C4-4386-A7B0-3076CE6C9901}.Debug|Any CPU.Build.0 = Debug|Any CPU
		{1B0B56C8-37C4-4386-A7B0-3076CE6C9901}.Debug|x86.ActiveCfg = Debug|Any CPU
		{1B0B56C8-37C4-4386-A7B0-3076CE6C9901}.Debug|x86.Build.0 = Debug|Any CPU
		{1B0B56C8-37C4-4386-A7B0-3076CE6C9901}.Release|Any CPU.ActiveCfg = Release|Any CPU
		{1B0B56C8-37C4-4386-A7B0-3076CE6C9901}.Release|Any CPU.Build.0 = Release|Any CPU
		{1B0B56C8-37C4-4386-A7B0-3076CE6C9901}.Release|x86.ActiveCfg = Release|Any CPU
		{1B0B56C8-37C4-4386-A7B0-3076CE6C9901}.Release|x86.Build.0 = Release|Any CPU
		{AC72D0A4-29A5-46FC-A037-63AC987C1598}.Debug|Any CPU.ActiveCfg = Debug|Any CPU
		{AC72D0A4-29A5-46FC-A037-63AC987C1598}.Debug|Any CPU.Build.0 = Debug|Any CPU
		{AC72D0A4-29A5-46FC-A037-63AC987C1598}.Debug|x86.ActiveCfg = Debug|Any CPU
		{AC72D0A4-29A5-46FC-A037-63AC987C1598}.Debug|x86.Build.0 = Debug|Any CPU
		{AC72D0A4-29A5-46FC-A037-63AC987C1598}.Release|Any CPU.ActiveCfg = Release|Any CPU
		{AC72D0A4-29A5-46FC-A037-63AC987C1598}.Release|Any CPU.Build.0 = Release|Any CPU
		{AC72D0A4-29A5-46FC-A037-63AC987C1598}.Release|x86.ActiveCfg = Release|Any CPU
		{AC72D0A4-29A5-46FC-A037-63AC987C1598}.Release|x86.Build.0 = Release|Any CPU
		{003702D8-E922-4539-80D4-15AAB22FF29D}.Debug|Any CPU.ActiveCfg = Debug|Any CPU
		{003702D8-E922-4539-80D4-15AAB22FF29D}.Debug|Any CPU.Build.0 = Debug|Any CPU
		{003702D8-E922-4539-80D4-15AAB22FF29D}.Debug|x86.ActiveCfg = Debug|Any CPU
		{003702D8-E922-4539-80D4-15AAB22FF29D}.Debug|x86.Build.0 = Debug|Any CPU
		{003702D8-E922-4539-80D4-15AAB22FF29D}.Release|Any CPU.ActiveCfg = Release|Any CPU
		{003702D8-E922-4539-80D4-15AAB22FF29D}.Release|Any CPU.Build.0 = Release|Any CPU
		{003702D8-E922-4539-80D4-15AAB22FF29D}.Release|x86.ActiveCfg = Release|Any CPU
		{003702D8-E922-4539-80D4-15AAB22FF29D}.Release|x86.Build.0 = Release|Any CPU
		{898C1EA9-324B-48CE-917B-053C842EA0A0}.Debug|Any CPU.ActiveCfg = Debug|Any CPU
		{898C1EA9-324B-48CE-917B-053C842EA0A0}.Debug|Any CPU.Build.0 = Debug|Any CPU
		{898C1EA9-324B-48CE-917B-053C842EA0A0}.Debug|x86.ActiveCfg = Debug|Any CPU
		{898C1EA9-324B-48CE-917B-053C842EA0A0}.Debug|x86.Build.0 = Debug|Any CPU
		{898C1EA9-324B-48CE-917B-053C842EA0A0}.Release|Any CPU.ActiveCfg = Release|Any CPU
		{898C1EA9-324B-48CE-917B-053C842EA0A0}.Release|Any CPU.Build.0 = Release|Any CPU
		{898C1EA9-324B-48CE-917B-053C842EA0A0}.Release|x86.ActiveCfg = Release|Any CPU
		{898C1EA9-324B-48CE-917B-053C842EA0A0}.Release|x86.Build.0 = Release|Any CPU
	EndGlobalSection
	GlobalSection(SolutionProperties) = preSolution
		HideSolutionNode = FALSE
	EndGlobalSection
	GlobalSection(NestedProjects) = preSolution
		{72CC2D9B-841D-4F57-9D2C-1F4A6B667468} = {8CF8B671-ED15-4ED0-BB42-2A3C7AB9F3CA}
		{8A8289D0-859B-4062-A008-D550F3E9A4A3} = {8CF8B671-ED15-4ED0-BB42-2A3C7AB9F3CA}
		{FE41542C-D9F2-4BB6-9902-949514CE53C1} = {8CF8B671-ED15-4ED0-BB42-2A3C7AB9F3CA}
		{7B332834-DFD3-48D4-B382-363D68BD332A} = {8CF8B671-ED15-4ED0-BB42-2A3C7AB9F3CA}
		{28D85751-C5EA-4FBB-B134-A0C52120EF39} = {8CF8B671-ED15-4ED0-BB42-2A3C7AB9F3CA}
		{D8B80531-05D2-4AA6-A30C-B97C27694B3E} = {7B332834-DFD3-48D4-B382-363D68BD332A}
		{4E9917DB-270F-4AD0-8372-1E99BAD9633B} = {28D85751-C5EA-4FBB-B134-A0C52120EF39}
		{3FF145D3-8D18-460C-9F56-6DCB72D7EBBF} = {FE41542C-D9F2-4BB6-9902-949514CE53C1}
		{13925DA9-A1C1-4A83-80D9-5C7606F8CA24} = {8A8289D0-859B-4062-A008-D550F3E9A4A3}
		{3A618A33-EA90-4A16-9C38-F5CD747A4DE1} = {BA6CF658-8892-4A90-9360-43F7CB07DCE6}
		{87AFB5E8-4F0F-4B00-BD93-2C95CDBB8D12} = {FE41542C-D9F2-4BB6-9902-949514CE53C1}
		{BA6CF658-8892-4A90-9360-43F7CB07DCE6} = {8CF8B671-ED15-4ED0-BB42-2A3C7AB9F3CA}
		{8FC86AF9-316E-44E8-89E9-0755192A5E93} = {72CC2D9B-841D-4F57-9D2C-1F4A6B667468}
		{FFD44C2C-2607-4784-9963-DD9FC4C09617} = {FE41542C-D9F2-4BB6-9902-949514CE53C1}
		{F5987014-4AC4-43EA-BBDA-825C0B51CEB2} = {31CA36CF-0300-4286-AC3C-A2BEC2C10774}
		{E96A7C4F-AF28-432A-8180-96812637050E} = {31CA36CF-0300-4286-AC3C-A2BEC2C10774}
		{84E4B000-387A-4C9B-8184-B5E62317B13C} = {31CA36CF-0300-4286-AC3C-A2BEC2C10774}
		{6ABB2AE0-4AE5-441D-BD07-F28A4835E1A4} = {31CA36CF-0300-4286-AC3C-A2BEC2C10774}
		{A7EDF0C0-4A47-4A06-895C-789DA92578E8} = {31CA36CF-0300-4286-AC3C-A2BEC2C10774}
		{D394CA53-C593-42DF-81B4-FE7A830D2D2A} = {68343DC9-C902-4652-A641-326CC1F5DE9E}
		{5927C224-5E0F-42DC-BC0C-1C90C41AEFE7} = {68343DC9-C902-4652-A641-326CC1F5DE9E}
		{9800A47A-AA12-4AD7-AE0E-6DB4833BFD79} = {2394A366-F9BD-40F8-B202-347D36B03251}
		{DA8412EB-DB2D-4E60-99DD-6FF006DE84AA} = {2394A366-F9BD-40F8-B202-347D36B03251}
		{D8C77163-B105-4461-B12A-A6168CF79891} = {2394A366-F9BD-40F8-B202-347D36B03251}
		{67B8DAFD-0879-4F24-AD9E-1E59D4F410BF} = {2394A366-F9BD-40F8-B202-347D36B03251}
		{DEF25B4C-75EA-44B4-B59F-90EA74206D1E} = {2394A366-F9BD-40F8-B202-347D36B03251}
		{2A11E7EF-F68C-4F9F-BCCC-4B7AB77B0A5E} = {8823988F-9FD2-4B8B-9BC7-6650B5AD4A82}
		{0FD6A58E-405A-4428-BAE8-D641A585AC93} = {8823988F-9FD2-4B8B-9BC7-6650B5AD4A82}
		{461922D9-747F-4BB0-AC2E-4737139EEDB6} = {8823988F-9FD2-4B8B-9BC7-6650B5AD4A82}
		{DB2CA02F-5D34-4734-8A44-634BFD381244} = {8823988F-9FD2-4B8B-9BC7-6650B5AD4A82}
		{05121EB4-50C0-4570-AB91-4A243568FDAE} = {8823988F-9FD2-4B8B-9BC7-6650B5AD4A82}
		{1B0B56C8-37C4-4386-A7B0-3076CE6C9901} = {8823988F-9FD2-4B8B-9BC7-6650B5AD4A82}
		{AC72D0A4-29A5-46FC-A037-63AC987C1598} = {8823988F-9FD2-4B8B-9BC7-6650B5AD4A82}
		{003702D8-E922-4539-80D4-15AAB22FF29D} = {FE41542C-D9F2-4BB6-9902-949514CE53C1}
		{898C1EA9-324B-48CE-917B-053C842EA0A0} = {FE41542C-D9F2-4BB6-9902-949514CE53C1}
	EndGlobalSection
EndGlobal
